
Microsoft Visual Studio Solution File, Format Version 10.00
# Visual Studio 2008
Project("{8BC9CEB8-8B4A-11D0-8D11-00A0C91BC942}") = "DLL_02", "DLL_02.vcproj", "{7981A707-24BD-41F7-BB20-D4FC29533268}"
EndProject
Global
	GlobalSection(SolutionConfigurationPlatforms) = preSolution
		Debug|Win32 = Debug|Win32
		Release|Win32 = Release|Win32
	EndGlobalSection
	GlobalSection(ProjectConfigurationPlatforms) = postSolution
		{7981A707-24BD-41F7-BB20-D4FC29533268}.Debug|Win32.ActiveCfg = Debug|Win32
		{7981A707-24BD-41F7-BB20-D4FC29533268}.Debug|Win32.Build.0 = Debug|Win32
		{7981A707-24BD-41F7-BB20-D4FC29533268}.Release|Win32.ActiveCfg = Release|Win32
		{7981A707-24BD-41F7-BB20-D4FC29533268}.Release|Win32.Build.0 = Release|Win32
	EndGlobalSection
	GlobalSection(SolutionProperties) = preSolution
		HideSolutionNode = FALSE
	EndGlobalSection
EndGlobal
